
Microsoft Visual Studio Solution File, Format Version 12.00
# Visual Studio Version 17
VisualStudioVersion = 17.5.33530.505
MinimumVisualStudioVersion = 10.0.40219.1
Project("{FAE04EC0-301F-11D3-BF4B-00C04F79EFBC}") = "Overloading", "Overloading\Overloading.csproj", "{E7031423-6AF1-4DCB-9E31-EA585DC9041C}"
EndProject
Global
	GlobalSection(SolutionConfigurationPlatforms) = preSolution
		Debug|Any CPU = Debug|Any CPU
		Release|Any CPU = Release|Any CPU
	EndGlobalSection
	GlobalSection(ProjectConfigurationPlatforms) = postSolution
		{E7031423-6AF1-4DCB-9E31-EA585DC9041C}.Debug|Any CPU.ActiveCfg = Debug|Any CPU
		{E7031423-6AF1-4DCB-9E31-EA585DC9041C}.Debug|Any CPU.Build.0 = Debug|Any CPU
		{E7031423-6AF1-4DCB-9E31-EA585DC9041C}.Release|Any CPU.ActiveCfg = Release|Any CPU
		{E7031423-6AF1-4DCB-9E31-EA585DC9041C}.Release|Any CPU.Build.0 = Release|Any CPU
	EndGlobalSection
	GlobalSection(SolutionProperties) = preSolution
		HideSolutionNode = FALSE
	EndGlobalSection
	GlobalSection(ExtensibilityGlobals) = postSolution
		SolutionGuid = {BC231041-A93F-4963-AE13-0864F0C21948}
	EndGlobalSection
EndGlobal
